
Microsoft Visual Studio Solution File, Format Version 12.00
# Visual Studio Version 17
VisualStudioVersion = 17.11.35222.181
MinimumVisualStudioVersion = 10.0.40219.1
Project("{FAE04EC0-301F-11D3-BF4B-00C04F79EFBC}") = "WarnoLiteModdingTool.Core", "src\WarnoLiteModdingTool.Core\WarnoLiteModdingTool.Core.csproj", "{7AA58C44-39A5-42AF-9B50-3FF85A2A36C8}"
EndProject
Project("{FAE04EC0-301F-11D3-BF4B-00C04F79EFBC}") = "WarnoLiteModdingTool.App", "src\WarnoLiteModdingTool.App\WarnoLiteModdingTool.App.csproj", "{260341E8-EABC-4D90-AD86-3702C836715E}"
EndProject
Project("{FAE04EC0-301F-11D3-BF4B-00C04F79EFBC}") = "WarnoLiteModdingTool.Tests", "tests\WarnoLiteModdingTool.Tests\WarnoLiteModdingTool.Tests.csproj", "{84EB8213-6999-4147-859C-B6AA4F4F287C}"
EndProject
Global
	GlobalSection(SolutionConfigurationPlatforms) = preSolution
		Debug|Any CPU = Debug|Any CPU
		Release|Any CPU = Release|Any CPU
	EndGlobalSection
	GlobalSection(ProjectConfigurationPlatforms) = postSolution
		{7AA58C44-39A5-42AF-9B50-3FF85A2A36C8}.Debug|Any CPU.ActiveCfg = Debug|Any CPU
		{7AA58C44-39A5-42AF-9B50-3FF85A2A36C8}.Debug|Any CPU.Build.0 = Debug|Any CPU
		{7AA58C44-39A5-42AF-9B50-3FF85A2A36C8}.Release|Any CPU.ActiveCfg = Release|Any CPU
		{7AA58C44-39A5-42AF-9B50-3FF85A2A36C8}.Release|Any CPU.Build.0 = Release|Any CPU
		{260341E8-EABC-4D90-AD86-3702C836715E}.Debug|Any CPU.ActiveCfg = Debug|Any CPU
		{260341E8-EABC-4D90-AD86-3702C836715E}.Debug|Any CPU.Build.0 = Debug|Any CPU
		{260341E8-EABC-4D90-AD86-3702C836715E}.Release|Any CPU.ActiveCfg = Release|Any CPU
		{260341E8-EABC-4D90-AD86-3702C836715E}.Release|Any CPU.Build.0 = Release|Any CPU
		{84EB8213-6999-4147-859C-B6AA4F4F287C}.Debug|Any CPU.ActiveCfg = Debug|Any CPU
		{84EB8213-6999-4147-859C-B6AA4F4F287C}.Debug|Any CPU.Build.0 = Debug|Any CPU
		{84EB8213-6999-4147-859C-B6AA4F4F287C}.Release|Any CPU.ActiveCfg = Release|Any CPU
		{84EB8213-6999-4147-859C-B6AA4F4F287C}.Release|Any CPU.Build.0 = Release|Any CPU
	EndGlobalSection
EndGlobal

